
Microsoft Visual Studio Solution File, Format Version 12.00
# Visual Studio Version 17
VisualStudioVersion = 17.7.34302.85
MinimumVisualStudioVersion = 10.0.40219.1
Project("{FAE04EC0-301F-11D3-BF4B-00C04F79EFBC}") = "Mario.API", "Mario.API\Mario.API.csproj", "{EA9B28D0-ABAA-4DE1-A652-49B9F8413FC9}"
	ProjectSection(ProjectDependencies) = postProject
		{1A406FBE-79AF-4234-A1A4-B718D21D7E50} = {1A406FBE-79AF-4234-A1A4-B718D21D7E50}
		{7D26BFBC-C8AF-47FF-AB45-BA42166207C0} = {7D26BFBC-C8AF-47FF-AB45-BA42166207C0}
	EndProjectSection
EndProject
Project("{FAE04EC0-301F-11D3-BF4B-00C04F79EFBC}") = "Mario.Core", "Mario.Core\Mario.Core.csproj", "{7D26BFBC-C8AF-47FF-AB45-BA42166207C0}"
	ProjectSection(ProjectDependencies) = postProject
		{1A406FBE-79AF-4234-A1A4-B718D21D7E50} = {1A406FBE-79AF-4234-A1A4-B718D21D7E50}
	EndProjectSection
EndProject
Project("{FAE04EC0-301F-11D3-BF4B-00C04F79EFBC}") = "Mario.EF", "Mario.EF\Mario.EF.csproj", "{1A406FBE-79AF-4234-A1A4-B718D21D7E50}"
EndProject
Global
	GlobalSection(SolutionConfigurationPlatforms) = preSolution
		Debug|Any CPU = Debug|Any CPU
		Release|Any CPU = Release|Any CPU
	EndGlobalSection
	GlobalSection(ProjectConfigurationPlatforms) = postSolution
		{EA9B28D0-ABAA-4DE1-A652-49B9F8413FC9}.Debug|Any CPU.ActiveCfg = Debug|Any CPU
		{EA9B28D0-ABAA-4DE1-A652-49B9F8413FC9}.Debug|Any CPU.Build.0 = Debug|Any CPU
		{EA9B28D0-ABAA-4DE1-A652-49B9F8413FC9}.Release|Any CPU.ActiveCfg = Release|Any CPU
		{EA9B28D0-ABAA-4DE1-A652-49B9F8413FC9}.Release|Any CPU.Build.0 = Release|Any CPU
		{7D26BFBC-C8AF-47FF-AB45-BA42166207C0}.Debug|Any CPU.ActiveCfg = Debug|Any CPU
		{7D26BFBC-C8AF-47FF-AB45-BA42166207C0}.Debug|Any CPU.Build.0 = Debug|Any CPU
		{7D26BFBC-C8AF-47FF-AB45-BA42166207C0}.Release|Any CPU.ActiveCfg = Release|Any CPU
		{7D26BFBC-C8AF-47FF-AB45-BA42166207C0}.Release|Any CPU.Build.0 = Release|Any CPU
		{1A406FBE-79AF-4234-A1A4-B718D21D7E50}.Debug|Any CPU.ActiveCfg = Debug|Any CPU
		{1A406FBE-79AF-4234-A1A4-B718D21D7E50}.Debug|Any CPU.Build.0 = Debug|Any CPU
		{1A406FBE-79AF-4234-A1A4-B718D21D7E50}.Release|Any CPU.ActiveCfg = Release|Any CPU
		{1A406FBE-79AF-4234-A1A4-B718D21D7E50}.Release|Any CPU.Build.0 = Release|Any CPU
	EndGlobalSection
	GlobalSection(SolutionProperties) = preSolution
		HideSolutionNode = FALSE
	EndGlobalSection
	GlobalSection(ExtensibilityGlobals) = postSolution
		SolutionGuid = {76B7A398-C553-41C6-A98A-26A30E29BEBF}
	EndGlobalSection
EndGlobal
